
Microsoft Visual Studio Solution File, Format Version 12.00
# Visual Studio Version 17
VisualStudioVersion = 17.8.34316.72
MinimumVisualStudioVersion = 10.0.40219.1
Project("{FAE04EC0-301F-11D3-BF4B-00C04F79EFBC}") = "Skythewood", "Skythewood\Skythewood.csproj", "{B2966FD2-2994-46C2-8FF8-8534635F07B1}"
EndProject
Global
	GlobalSection(SolutionConfigurationPlatforms) = preSolution
		Debug|Any CPU = Debug|Any CPU
		Release|Any CPU = Release|Any CPU
	EndGlobalSection
	GlobalSection(ProjectConfigurationPlatforms) = postSolution
		{B2966FD2-2994-46C2-8FF8-8534635F07B1}.Debug|Any CPU.ActiveCfg = Debug|Any CPU
		{B2966FD2-2994-46C2-8FF8-8534635F07B1}.Debug|Any CPU.Build.0 = Debug|Any CPU
		{B2966FD2-2994-46C2-8FF8-8534635F07B1}.Release|Any CPU.ActiveCfg = Release|Any CPU
		{B2966FD2-2994-46C2-8FF8-8534635F07B1}.Release|Any CPU.Build.0 = Release|Any CPU
	EndGlobalSection
	GlobalSection(SolutionProperties) = preSolution
		HideSolutionNode = FALSE
	EndGlobalSection
	GlobalSection(ExtensibilityGlobals) = postSolution
		SolutionGuid = {46F65124-0FE1-4A40-B054-306BC9103DB1}
	EndGlobalSection
EndGlobal
